// !$*UTF8*$!
{
	archiveVersion = 1;
	classes = {
	};
	objectVersion = 77;
	objects = {

/* Begin PBXBuildFile section */
		1D4121E0304C40AE004CCB68 /* TVServices.framework in Frameworks */ = {isa = PBXBuildFile; fileRef = 1D4121DF304C40AD004CCB68 /* TVServices.framework */; };
		1D4121E7304C40AE004CCB68 /* TopShelf.appex in Embed Foundation Extensions */ = {isa = PBXBuildFile; fileRef = 1D4121DD304C40AD004CCB68 /* TopShelf.appex */; settings = {ATTRIBUTES = (RemoveHeadersOnCopy, ); }; };
		1D999F7E2FCCF98400E62024 /* TelemetryDeck in Frameworks */ = {isa = PBXBuildFile; productRef = NGXTD0022F6CB0B100B56423 /* TelemetryDeck */; };
/* End PBXBuildFile section */

/* Begin PBXContainerItemProxy section */
		1D4121E5304C40AE004CCB68 /* PBXContainerItemProxy */ = {
			isa = PBXContainerItemProxy;
			containerPortal = 1DCC8A862F6CB0B100B56423 /* Project object */;
			proxyType = 1;
			remoteGlobalIDString = 1D4121DC304C40AD004CCB68;
			remoteInfo = TopShelf;
		};
		2A9B7B5A3A5D4E5A9C0000A0 /* PBXContainerItemProxy */ = {
			isa = PBXContainerItemProxy;
			containerPortal = 1DCC8A862F6CB0B100B56423 /* Project object */;
			proxyType = 1;
			remoteGlobalIDString = 1DCC8A8D2F6CB0B100B56423;
			remoteInfo = Nostalgex;
		};
/* End PBXContainerItemProxy section */

/* Begin PBXCopyFilesBuildPhase section */
		1D4121E8304C40AE004CCB68 /* Embed Foundation Extensions */ = {
			isa = PBXCopyFilesBuildPhase;
			buildActionMask = 2147483647;
			dstPath = "";
			dstSubfolderSpec = 13;
			files = (
				1D4121E7304C40AE004CCB68 /* TopShelf.appex in Embed Foundation Extensions */,
			);
			name = "Embed Foundation Extensions";
			runOnlyForDeploymentPostprocessing = 0;
		};
/* End PBXCopyFilesBuildPhase section */

/* Begin PBXFileReference section */
		1D4121DD304C40AD004CCB68 /* TopShelf.appex */ = {isa = PBXFileReference; explicitFileType = "wrapper.app-extension"; includeInIndex = 0; path = TopShelf.appex; sourceTree = BUILT_PRODUCTS_DIR; };
		1D4121DF304C40AD004CCB68 /* TVServices.framework */ = {isa = PBXFileReference; lastKnownFileType = wrapper.framework; name = TVServices.framework; path = System/Library/Frameworks/TVServices.framework; sourceTree = SDKROOT; };
		1DCC8A8E2F6CB0B100B56423 /* Nostalgex.app */ = {isa = PBXFileReference; explicitFileType = wrapper.application; includeInIndex = 0; path = Nostalgex.app; sourceTree = BUILT_PRODUCTS_DIR; };
		2A9B7B5A3A5D4E5A9C000001 /* NostalgexTests.xctest */ = {isa = PBXFileReference; explicitFileType = wrapper.cfbundle; includeInIndex = 0; path = NostalgexTests.xctest; sourceTree = BUILT_PRODUCTS_DIR; };
		2A9B7B5A3A5D4E5A9C000002 /* NostalgexUITests.xctest */ = {isa = PBXFileReference; explicitFileType = wrapper.cfbundle; includeInIndex = 0; path = NostalgexUITests.xctest; sourceTree = BUILT_PRODUCTS_DIR; };
/* End PBXFileReference section */

/* Begin PBXFileSystemSynchronizedBuildFileExceptionSet section */
		1D4121EC304C40AE004CCB68 /* Exceptions for "TopShelf" folder in "TopShelf" target */ = {
			isa = PBXFileSystemSynchronizedBuildFileExceptionSet;
			membershipExceptions = (
				Info.plist,
			);
			target = 1D4121DC304C40AD004CCB68 /* TopShelf */;
		};
		NGX0EXC2F6CB0B100B56423 /* Exceptions for "Nostalgex" folder in "Nostalgex" target */ = {
			isa = PBXFileSystemSynchronizedBuildFileExceptionSet;
			membershipExceptions = (
				"channels-memberships.json",
				channels.json,
			);
			target = 1DCC8A8D2F6CB0B100B56423 /* Nostalgex */;
		};
/* End PBXFileSystemSynchronizedBuildFileExceptionSet section */

/* Begin PBXFileSystemSynchronizedRootGroup section */
		1D4121E1304C40AE004CCB68 /* TopShelf */ = {
			isa = PBXFileSystemSynchronizedRootGroup;
			exceptions = (
				1D4121EC304C40AE004CCB68 /* Exceptions for "TopShelf" folder in "TopShelf" target */,
			);
			path = TopShelf;
			sourceTree = "<group>";
		};
		1DCC8A902F6CB0B100B56423 /* Nostalgex */ = {
			isa = PBXFileSystemSynchronizedRootGroup;
			exceptions = (
				NGX0EXC2F6CB0B100B56423 /* Exceptions for "Nostalgex" folder in "Nostalgex" target */,
			);
			path = Nostalgex;
			sourceTree = "<group>";
		};
		2A9B7B5A3A5D4E5A9C000010 /* NostalgexTests */ = {
			isa = PBXFileSystemSynchronizedRootGroup;
			path = NostalgexTests;
			sourceTree = "<group>";
		};
		2A9B7B5A3A5D4E5A9C000011 /* NostalgexUITests */ = {
			isa = PBXFileSystemSynchronizedRootGroup;
			path = NostalgexUITests;
			sourceTree = "<group>";
		};
/* End PBXFileSystemSynchronizedRootGroup section */

/* Begin PBXFrameworksBuildPhase section */
		1D4121DA304C40AD004CCB68 /* Frameworks */ = {
			isa = PBXFrameworksBuildPhase;
			buildActionMask = 2147483647;
			files = (
				1D4121E0304C40AE004CCB68 /* TVServices.framework in Frameworks */,
			);
			runOnlyForDeploymentPostprocessing = 0;
		};
		1DCC8A8B2F6CB0B100B56423 /* Frameworks */ = {
			isa = PBXFrameworksBuildPhase;
			buildActionMask = 2147483647;
			files = (
				1D999F7E2FCCF98400E62024 /* TelemetryDeck in Frameworks */,
			);
			runOnlyForDeploymentPostprocessing = 0;
		};
		2A9B7B5A3A5D4E5A9C000020 /* Frameworks */ = {
			isa = PBXFrameworksBuildPhase;
			buildActionMask = 2147483647;
			files = (
			);
			runOnlyForDeploymentPostprocessing = 0;
		};
		2A9B7B5A3A5D4E5A9C000021 /* Frameworks */ = {
			isa = PBXFrameworksBuildPhase;
			buildActionMask = 2147483647;
			files = (
			);
			runOnlyForDeploymentPostprocessing = 0;
		};
/* End PBXFrameworksBuildPhase section */

/* Begin PBXGroup section */
		1D4121DE304C40AD004CCB68 /* Frameworks */ = {
			isa = PBXGroup;
			children = (
				1D4121DF304C40AD004CCB68 /* TVServices.framework */,
			);
			name = Frameworks;
			sourceTree = "<group>";
		};
		1DCC8A852F6CB0B100B56423 = {
			isa = PBXGroup;
			children = (
				1DCC8A902F6CB0B100B56423 /* Nostalgex */,
				2A9B7B5A3A5D4E5A9C000010 /* NostalgexTests */,
				2A9B7B5A3A5D4E5A9C000011 /* NostalgexUITests */,
				1D4121E1304C40AE004CCB68 /* TopShelf */,
				1D4121DE304C40AD004CCB68 /* Frameworks */,
				1DCC8A8F2F6CB0B100B56423 /* Products */,
			);
			sourceTree = "<group>";
		};
		1DCC8A8F2F6CB0B100B56423 /* Products */ = {
			isa = PBXGroup;
			children = (
				1DCC8A8E2F6CB0B100B56423 /* Nostalgex.app */,
				2A9B7B5A3A5D4E5A9C000001 /* NostalgexTests.xctest */,
				2A9B7B5A3A5D4E5A9C000002 /* NostalgexUITests.xctest */,
				1D4121DD304C40AD004CCB68 /* TopShelf.appex */,
			);
			name = Products;
			sourceTree = "<group>";
		};
/* End PBXGroup section */

/* Begin PBXNativeTarget section */
		1D4121DC304C40AD004CCB68 /* TopShelf */ = {
			isa = PBXNativeTarget;
			buildConfigurationList = 1D4121EB304C40AE004CCB68 /* Build configuration list for PBXNativeTarget "TopShelf" */;
			buildPhases = (
				1D4121D9304C40AD004CCB68 /* Sources */,
				1D4121DA304C40AD004CCB68 /* Frameworks */,
				1D4121DB304C40AD004CCB68 /* Resources */,
			);
			buildRules = (
			);
			dependencies = (
			);
			fileSystemSynchronizedGroups = (
				1D4121E1304C40AE004CCB68 /* TopShelf */,
			);
			name = TopShelf;
			packageProductDependencies = (
			);
			productName = TopShelf;
			productReference = 1D4121DD304C40AD004CCB68 /* TopShelf.appex */;
			productType = "com.apple.product-type.app-extension";
		};
		1DCC8A8D2F6CB0B100B56423 /* Nostalgex */ = {
			isa = PBXNativeTarget;
			buildConfigurationList = 1DCC8A992F6CB0B200B56423 /* Build configuration list for PBXNativeTarget "Nostalgex" */;
			buildPhases = (
				1DCC8A8A2F6CB0B100B56423 /* Sources */,
				1DCC8A8B2F6CB0B100B56423 /* Frameworks */,
				NGX0SYNC2F6CB0B100B56423 /* Sync channel config */,
				1DCC8A8C2F6CB0B100B56423 /* Resources */,
				1D4121E8304C40AE004CCB68 /* Embed Foundation Extensions */,
			);
			buildRules = (
			);
			dependencies = (
				1D4121E6304C40AE004CCB68 /* PBXTargetDependency */,
			);
			fileSystemSynchronizedGroups = (
				1DCC8A902F6CB0B100B56423 /* Nostalgex */,
			);
			name = Nostalgex;
			packageProductDependencies = (
				NGXTD0022F6CB0B100B56423 /* TelemetryDeck */,
			);
			productName = Nostalgex;
			productReference = 1DCC8A8E2F6CB0B100B56423 /* Nostalgex.app */;
			productType = "com.apple.product-type.application";
		};
		2A9B7B5A3A5D4E5A9C000030 /* NostalgexTests */ = {
			isa = PBXNativeTarget;
			buildConfigurationList = 2A9B7B5A3A5D4E5A9C000080 /* Build configuration list for PBXNativeTarget "NostalgexTests" */;
			buildPhases = (
				2A9B7B5A3A5D4E5A9C000040 /* Sources */,
				2A9B7B5A3A5D4E5A9C000020 /* Frameworks */,
				2A9B7B5A3A5D4E5A9C000042 /* Resources */,
			);
			buildRules = (
			);
			dependencies = (
				2A9B7B5A3A5D4E5A9C0000B0 /* PBXTargetDependency */,
			);
			fileSystemSynchronizedGroups = (
				2A9B7B5A3A5D4E5A9C000010 /* NostalgexTests */,
			);
			name = NostalgexTests;
			packageProductDependencies = (
			);
			productName = NostalgexTests;
			productReference = 2A9B7B5A3A5D4E5A9C000001 /* NostalgexTests.xctest */;
			productType = "com.apple.product-type.bundle.unit-test";
		};
		2A9B7B5A3A5D4E5A9C000031 /* NostalgexUITests */ = {
			isa = PBXNativeTarget;
			buildConfigurationList = 2A9B7B5A3A5D4E5A9C000081 /* Build configuration list for PBXNativeTarget "NostalgexUITests" */;
			buildPhases = (
				2A9B7B5A3A5D4E5A9C000041 /* Sources */,
				2A9B7B5A3A5D4E5A9C000021 /* Frameworks */,
				2A9B7B5A3A5D4E5A9C000043 /* Resources */,
			);
			buildRules = (
			);
			dependencies = (
			);
			fileSystemSynchronizedGroups = (
				2A9B7B5A3A5D4E5A9C000011 /* NostalgexUITests */,
			);
			name = NostalgexUITests;
			packageProductDependencies = (
			);
			productName = NostalgexUITests;
			productReference = 2A9B7B5A3A5D4E5A9C000002 /* NostalgexUITests.xctest */;
			productType = "com.apple.product-type.bundle.ui-testing";
		};
/* End PBXNativeTarget section */

/* Begin PBXProject section */
		1DCC8A862F6CB0B100B56423 /* Project object */ = {
			isa = PBXProject;
			attributes = {
				BuildIndependentTargetsInParallel = 1;
				LastSwiftUpdateCheck = 2610;
				LastUpgradeCheck = 2610;
				TargetAttributes = {
					1D4121DC304C40AD004CCB68 = {
						CreatedOnToolsVersion = 26.1.1;
					};
					1DCC8A8D2F6CB0B100B56423 = {
						CreatedOnToolsVersion = 26.1.1;
					};
				};
			};
			buildConfigurationList = 1DCC8A892F6CB0B100B56423 /* Build configuration list for PBXProject "Nostalgex" */;
			developmentRegion = en;
			hasScannedForEncodings = 0;
			knownRegions = (
				en,
				Base,
			);
			mainGroup = 1DCC8A852F6CB0B100B56423;
			minimizedProjectReferenceProxies = 1;
			packageReferences = (
				NGXTD0012F6CB0B100B56423 /* XCRemoteSwiftPackageReference "SwiftSDK" */,
			);
			preferredProjectObjectVersion = 77;
			productRefGroup = 1DCC8A8F2F6CB0B100B56423 /* Products */;
			projectDirPath = "";
			projectRoot = "";
			targets = (
				1DCC8A8D2F6CB0B100B56423 /* Nostalgex */,
				2A9B7B5A3A5D4E5A9C000030 /* NostalgexTests */,
				2A9B7B5A3A5D4E5A9C000031 /* NostalgexUITests */,
				1D4121DC304C40AD004CCB68 /* TopShelf */,
			);
		};
/* End PBXProject section */

/* Begin PBXResourcesBuildPhase section */
		1D4121DB304C40AD004CCB68 /* Resources */ = {
			isa = PBXResourcesBuildPhase;
			buildActionMask = 2147483647;
			files = (
			);
			runOnlyForDeploymentPostprocessing = 0;
		};
		1DCC8A8C2F6CB0B100B56423 /* Resources */ = {
			isa = PBXResourcesBuildPhase;
			buildActionMask = 2147483647;
			files = (
			);
			runOnlyForDeploymentPostprocessing = 0;
		};
		2A9B7B5A3A5D4E5A9C000042 /* Resources */ = {
			isa = PBXResourcesBuildPhase;
			buildActionMask = 2147483647;
			files = (
			);
			runOnlyForDeploymentPostprocessing = 0;
		};
		2A9B7B5A3A5D4E5A9C000043 /* Resources */ = {
			isa = PBXResourcesBuildPhase;
			buildActionMask = 2147483647;
			files = (
			);
			runOnlyForDeploymentPostprocessing = 0;
		};
/* End PBXResourcesBuildPhase section */

/* Begin PBXShellScriptBuildPhase section */
		NGX0SYNC2F6CB0B100B56423 /* Sync channel config */ = {
			isa = PBXShellScriptBuildPhase;
			alwaysOutOfDate = 1;
			buildActionMask = 2147483647;
			files = (
			);
			inputPaths = (
				"$(SRCROOT)/../channels.json",
				"$(SRCROOT)/../channels-memberships.json",
			);
			name = "Sync channel config";
			outputPaths = (
				"$(TARGET_BUILD_DIR)/$(UNLOCALIZED_RESOURCES_FOLDER_PATH)/channels.json",
				"$(TARGET_BUILD_DIR)/$(UNLOCALIZED_RESOURCES_FOLDER_PATH)/channels-memberships.json",
			);
			runOnlyForDeploymentPostprocessing = 0;
			shellPath = /bin/sh;
			shellScript = "set -e\nREPO=\"${SRCROOT}/..\"\nDEST=\"${TARGET_BUILD_DIR}/${UNLOCALIZED_RESOURCES_FOLDER_PATH}\"\nmkdir -p \"$DEST\"\ncp \"$REPO/channels.json\" \"$DEST/channels.json\"\ncp \"$REPO/channels-memberships.json\" \"$DEST/channels-memberships.json\"\n";
		};
/* End PBXShellScriptBuildPhase section */

/* Begin PBXSourcesBuildPhase section */
		1D4121D9304C40AD004CCB68 /* Sources */ = {
			isa = PBXSourcesBuildPhase;
			buildActionMask = 2147483647;
			files = (
			);
			runOnlyForDeploymentPostprocessing = 0;
		};
		1DCC8A8A2F6CB0B100B56423 /* Sources */ = {
			isa = PBXSourcesBuildPhase;
			buildActionMask = 2147483647;
			files = (
			);
			runOnlyForDeploymentPostprocessing = 0;
		};
		2A9B7B5A3A5D4E5A9C000040 /* Sources */ = {
			isa = PBXSourcesBuildPhase;
			buildActionMask = 2147483647;
			files = (
			);
			runOnlyForDeploymentPostprocessing = 0;
		};
		2A9B7B5A3A5D4E5A9C000041 /* Sources */ = {
			isa = PBXSourcesBuildPhase;
			buildActionMask = 2147483647;
			files = (
			);
			runOnlyForDeploymentPostprocessing = 0;
		};
/* End PBXSourcesBuildPhase section */

/* Begin PBXTargetDependency section */
		1D4121E6304C40AE004CCB68 /* PBXTargetDependency */ = {
			isa = PBXTargetDependency;
			target = 1D4121DC304C40AD004CCB68 /* TopShelf */;
			targetProxy = 1D4121E5304C40AE004CCB68 /* PBXContainerItemProxy */;
		};
		2A9B7B5A3A5D4E5A9C0000B0 /* PBXTargetDependency */ = {
			isa = PBXTargetDependency;
			target = 1DCC8A8D2F6CB0B100B56423 /* Nostalgex */;
			targetProxy = 2A9B7B5A3A5D4E5A9C0000A0 /* PBXContainerItemProxy */;
		};
/* End PBXTargetDependency section */

/* Begin XCBuildConfiguration section */
		1D4121E9304C40AE004CCB68 /* Debug */ = {
			isa = XCBuildConfiguration;
			buildSettings = {
				CODE_SIGN_STYLE = Automatic;
				CURRENT_PROJECT_VERSION = 46;
				DEVELOPMENT_TEAM = KK5V95295A;
				GENERATE_INFOPLIST_FILE = YES;
				INFOPLIST_FILE = TopShelf/Info.plist;
				INFOPLIST_KEY_CFBundleDisplayName = TopShelf;
				INFOPLIST_KEY_NSHumanReadableCopyright = "";
				LD_RUNPATH_SEARCH_PATHS = (
					"$(inherited)",
					"@executable_path/Frameworks",
					"@executable_path/../../Frameworks",
				);
				MARKETING_VERSION = 1.0.25;
				CODE_SIGN_ENTITLEMENTS = TopShelf/TopShelf.entitlements;
				PRODUCT_BUNDLE_IDENTIFIER = com.muellhaus.nostalgex.TopShelf;
				PRODUCT_NAME = "$(TARGET_NAME)";
				SKIP_INSTALL = YES;
				STRING_CATALOG_GENERATE_SYMBOLS = YES;
				SWIFT_APPROACHABLE_CONCURRENCY = YES;
				SWIFT_EMIT_LOC_STRINGS = YES;
				SWIFT_UPCOMING_FEATURE_MEMBER_IMPORT_VISIBILITY = YES;
				SWIFT_VERSION = 5.0;
				TARGETED_DEVICE_FAMILY = 3;
				TVOS_DEPLOYMENT_TARGET = 18.0;
			};
			name = Debug;
		};
		1D4121EA304C40AE004CCB68 /* Release */ = {
			isa = XCBuildConfiguration;
			buildSettings = {
				CODE_SIGN_STYLE = Automatic;
				CURRENT_PROJECT_VERSION = 46;
				DEVELOPMENT_TEAM = KK5V95295A;
				GENERATE_INFOPLIST_FILE = YES;
				INFOPLIST_FILE = TopShelf/Info.plist;
				INFOPLIST_KEY_CFBundleDisplayName = TopShelf;
				INFOPLIST_KEY_NSHumanReadableCopyright = "";
				LD_RUNPATH_SEARCH_PATHS = (
					"$(inherited)",
					"@executable_path/Frameworks",
					"@executable_path/../../Frameworks",
				);
				MARKETING_VERSION = 1.0.25;
				CODE_SIGN_ENTITLEMENTS = TopShelf/TopShelf.entitlements;
				PRODUCT_BUNDLE_IDENTIFIER = com.muellhaus.nostalgex.TopShelf;
				PRODUCT_NAME = "$(TARGET_NAME)";
				SKIP_INSTALL = YES;
				STRING_CATALOG_GENERATE_SYMBOLS = YES;
				SWIFT_APPROACHABLE_CONCURRENCY = YES;
				SWIFT_EMIT_LOC_STRINGS = YES;
				SWIFT_UPCOMING_FEATURE_MEMBER_IMPORT_VISIBILITY = YES;
				SWIFT_VERSION = 5.0;
				TARGETED_DEVICE_FAMILY = 3;
				TVOS_DEPLOYMENT_TARGET = 18.0;
			};
			name = Release;
		};
		1DCC8A972F6CB0B200B56423 /* Debug */ = {
			isa = XCBuildConfiguration;
			buildSettings = {
				ALWAYS_SEARCH_USER_PATHS = NO;
				ASSETCATALOG_COMPILER_GENERATE_SWIFT_ASSET_SYMBOL_EXTENSIONS = YES;
				CLANG_ANALYZER_NONNULL = YES;
				CLANG_ANALYZER_NUMBER_OBJECT_CONVERSION = YES_AGGRESSIVE;
				CLANG_CXX_LANGUAGE_STANDARD = "gnu++20";
				CLANG_ENABLE_MODULES = YES;
				CLANG_ENABLE_OBJC_ARC = YES;
				CLANG_ENABLE_OBJC_WEAK = YES;
				CLANG_WARN_BLOCK_CAPTURE_AUTORELEASING = YES;
				CLANG_WARN_BOOL_CONVERSION = YES;
				CLANG_WARN_COMMA = YES;
				CLANG_WARN_CONSTANT_CONVERSION = YES;
				CLANG_WARN_DEPRECATED_OBJC_IMPLEMENTATIONS = YES;
				CLANG_WARN_DIRECT_OBJC_ISA_USAGE = YES_ERROR;
				CLANG_WARN_DOCUMENTATION_COMMENTS = YES;
				CLANG_WARN_EMPTY_BODY = YES;
				CLANG_WARN_ENUM_CONVERSION = YES;
				CLANG_WARN_INFINITE_RECURSION = YES;
				CLANG_WARN_INT_CONVERSION = YES;
				CLANG_WARN_NON_LITERAL_NULL_CONVERSION = YES;
				CLANG_WARN_OBJC_IMPLICIT_RETAIN_SELF = YES;
				CLANG_WARN_OBJC_LITERAL_CONVERSION = YES;
				CLANG_WARN_OBJC_ROOT_CLASS = YES_ERROR;
				CLANG_WARN_QUOTED_INCLUDE_IN_FRAMEWORK_HEADER = YES;
				CLANG_WARN_RANGE_LOOP_ANALYSIS = YES;
				CLANG_WARN_STRICT_PROTOTYPES = YES;
				CLANG_WARN_SUSPICIOUS_MOVE = YES;
				CLANG_WARN_UNGUARDED_AVAILABILITY = YES_AGGRESSIVE;
				CLANG_WARN_UNREACHABLE_CODE = YES;
				CLANG_WARN__DUPLICATE_METHOD_MATCH = YES;
				COPY_PHASE_STRIP = NO;
				DEBUG_INFORMATION_FORMAT = dwarf;
				DEVELOPMENT_TEAM = KK5V95295A;
				ENABLE_STRICT_OBJC_MSGSEND = YES;
				ENABLE_TESTABILITY = YES;
				ENABLE_USER_SCRIPT_SANDBOXING = YES;
				GCC_C_LANGUAGE_STANDARD = gnu17;
				GCC_DYNAMIC_NO_PIC = NO;
				GCC_NO_COMMON_BLOCKS = YES;
				GCC_OPTIMIZATION_LEVEL = 0;
				GCC_PREPROCESSOR_DEFINITIONS = (
					"DEBUG=1",
					"$(inherited)",
				);
				GCC_WARN_64_TO_32_BIT_CONVERSION = YES;
				GCC_WARN_ABOUT_RETURN_TYPE = YES_ERROR;
				GCC_WARN_UNDECLARED_SELECTOR = YES;
				GCC_WARN_UNINITIALIZED_AUTOS = YES_AGGRESSIVE;
				GCC_WARN_UNUSED_FUNCTION = YES;
				GCC_WARN_UNUSED_VARIABLE = YES;
				LOCALIZATION_PREFERS_STRING_CATALOGS = YES;
				MTL_ENABLE_DEBUG_INFO = INCLUDE_SOURCE;
				MTL_FAST_MATH = YES;
				ONLY_ACTIVE_ARCH = YES;
				SDKROOT = appletvos;
				SWIFT_ACTIVE_COMPILATION_CONDITIONS = "DEBUG $(inherited)";
				SWIFT_OPTIMIZATION_LEVEL = "-Onone";
				TVOS_DEPLOYMENT_TARGET = 18.0;
			};
			name = Debug;
		};
		1DCC8A982F6CB0B200B56423 /* Release */ = {
			isa = XCBuildConfiguration;
			buildSettings = {
				ALWAYS_SEARCH_USER_PATHS = NO;
				ASSETCATALOG_COMPILER_GENERATE_SWIFT_ASSET_SYMBOL_EXTENSIONS = YES;
				CLANG_ANALYZER_NONNULL = YES;
				CLANG_ANALYZER_NUMBER_OBJECT_CONVERSION = YES_AGGRESSIVE;
				CLANG_CXX_LANGUAGE_STANDARD = "gnu++20";
				CLANG_ENABLE_MODULES = YES;
				CLANG_ENABLE_OBJC_ARC = YES;
				CLANG_ENABLE_OBJC_WEAK = YES;
				CLANG_WARN_BLOCK_CAPTURE_AUTORELEASING = YES;
				CLANG_WARN_BOOL_CONVERSION = YES;
				CLANG_WARN_COMMA = YES;
				CLANG_WARN_CONSTANT_CONVERSION = YES;
				CLANG_WARN_DEPRECATED_OBJC_IMPLEMENTATIONS = YES;
				CLANG_WARN_DIRECT_OBJC_ISA_USAGE = YES_ERROR;
				CLANG_WARN_DOCUMENTATION_COMMENTS = YES;
				CLANG_WARN_EMPTY_BODY = YES;
				CLANG_WARN_ENUM_CONVERSION = YES;
				CLANG_WARN_INFINITE_RECURSION = YES;
				CLANG_WARN_INT_CONVERSION = YES;
				CLANG_WARN_NON_LITERAL_NULL_CONVERSION = YES;
				CLANG_WARN_OBJC_IMPLICIT_RETAIN_SELF = YES;
				CLANG_WARN_OBJC_LITERAL_CONVERSION = YES;
				CLANG_WARN_OBJC_ROOT_CLASS = YES_ERROR;
				CLANG_WARN_QUOTED_INCLUDE_IN_FRAMEWORK_HEADER = YES;
				CLANG_WARN_RANGE_LOOP_ANALYSIS = YES;
				CLANG_WARN_STRICT_PROTOTYPES = YES;
				CLANG_WARN_SUSPICIOUS_MOVE = YES;
				CLANG_WARN_UNGUARDED_AVAILABILITY = YES_AGGRESSIVE;
				CLANG_WARN_UNREACHABLE_CODE = YES;
				CLANG_WARN__DUPLICATE_METHOD_MATCH = YES;
				COPY_PHASE_STRIP = NO;
				DEBUG_INFORMATION_FORMAT = "dwarf-with-dsym";
				DEVELOPMENT_TEAM = KK5V95295A;
				ENABLE_NS_ASSERTIONS = NO;
				ENABLE_STRICT_OBJC_MSGSEND = YES;
				ENABLE_USER_SCRIPT_SANDBOXING = YES;
				GCC_C_LANGUAGE_STANDARD = gnu17;
				GCC_NO_COMMON_BLOCKS = YES;
				GCC_WARN_64_TO_32_BIT_CONVERSION = YES;
				GCC_WARN_ABOUT_RETURN_TYPE = YES_ERROR;
				GCC_WARN_UNDECLARED_SELECTOR = YES;
				GCC_WARN_UNINITIALIZED_AUTOS = YES_AGGRESSIVE;
				GCC_WARN_UNUSED_FUNCTION = YES;
				GCC_WARN_UNUSED_VARIABLE = YES;
				LOCALIZATION_PREFERS_STRING_CATALOGS = YES;
				MTL_ENABLE_DEBUG_INFO = NO;
				MTL_FAST_MATH = YES;
				SDKROOT = appletvos;
				SWIFT_COMPILATION_MODE = wholemodule;
				TVOS_DEPLOYMENT_TARGET = 18.0;
				VALIDATE_PRODUCT = YES;
			};
			name = Release;
		};
		1DCC8A9A2F6CB0B200B56423 /* Debug */ = {
			isa = XCBuildConfiguration;
			buildSettings = {
				ASSETCATALOG_COMPILER_APPICON_NAME = "App Icon & Top Shelf Image";
				ASSETCATALOG_COMPILER_GLOBAL_ACCENT_COLOR_NAME = AccentColor;
				CODE_SIGN_ENTITLEMENTS = Nostalgex/Nostalgex.entitlements;
				CODE_SIGN_STYLE = Automatic;
				CURRENT_PROJECT_VERSION = 46;
				DEVELOPMENT_TEAM = KK5V95295A;
				ENABLE_PREVIEWS = YES;
				GENERATE_INFOPLIST_FILE = YES;
				INFOPLIST_FILE = Info.plist;
				INFOPLIST_KEY_LSApplicationCategoryType = "public.app-category.entertainment";
				INFOPLIST_KEY_NSLocalNetworkUsageDescription = "Nostalgex streams from your Plex, Jellyfin or Emby server on your local network, and looks for servers on it when you ask it to.";
				INFOPLIST_KEY_UILaunchScreen_Generation = YES;
				INFOPLIST_KEY_UIUserInterfaceStyle = Automatic;
				LD_RUNPATH_SEARCH_PATHS = (
					"$(inherited)",
					"@executable_path/Frameworks",
				);
				MARKETING_VERSION = 1.0.25;
				PRODUCT_BUNDLE_IDENTIFIER = com.muellhaus.nostalgex;
				PRODUCT_NAME = "$(TARGET_NAME)";
				STRING_CATALOG_GENERATE_SYMBOLS = YES;
				SWIFT_APPROACHABLE_CONCURRENCY = YES;
				SWIFT_EMIT_LOC_STRINGS = YES;
				SWIFT_UPCOMING_FEATURE_MEMBER_IMPORT_VISIBILITY = YES;
				SWIFT_VERSION = 5.0;
				TARGETED_DEVICE_FAMILY = 3;
				VERSIONING_SYSTEM = "apple-generic";
			};
			name = Debug;
		};
		1DCC8A9B2F6CB0B200B56423 /* Release */ = {
			isa = XCBuildConfiguration;
			buildSettings = {
				ASSETCATALOG_COMPILER_APPICON_NAME = "App Icon & Top Shelf Image";
				ASSETCATALOG_COMPILER_GLOBAL_ACCENT_COLOR_NAME = AccentColor;
				CODE_SIGN_ENTITLEMENTS = Nostalgex/Nostalgex.entitlements;
				CODE_SIGN_STYLE = Automatic;
				CURRENT_PROJECT_VERSION = 46;
				DEVELOPMENT_TEAM = KK5V95295A;
				ENABLE_PREVIEWS = YES;
				GENERATE_INFOPLIST_FILE = YES;
				INFOPLIST_FILE = Info.plist;
				INFOPLIST_KEY_LSApplicationCategoryType = "public.app-category.entertainment";
				INFOPLIST_KEY_NSLocalNetworkUsageDescription = "Nostalgex streams from your Plex, Jellyfin or Emby server on your local network, and looks for servers on it when you ask it to.";
				INFOPLIST_KEY_UILaunchScreen_Generation = YES;
				INFOPLIST_KEY_UIUserInterfaceStyle = Automatic;
				LD_RUNPATH_SEARCH_PATHS = (
					"$(inherited)",
					"@executable_path/Frameworks",
				);
				MARKETING_VERSION = 1.0.25;
				PRODUCT_BUNDLE_IDENTIFIER = com.muellhaus.nostalgex;
				PRODUCT_NAME = "$(TARGET_NAME)";
				STRING_CATALOG_GENERATE_SYMBOLS = YES;
				SWIFT_APPROACHABLE_CONCURRENCY = YES;
				SWIFT_EMIT_LOC_STRINGS = YES;
				SWIFT_UPCOMING_FEATURE_MEMBER_IMPORT_VISIBILITY = YES;
				SWIFT_VERSION = 5.0;
				TARGETED_DEVICE_FAMILY = 3;
				VERSIONING_SYSTEM = "apple-generic";
			};
			name = Release;
		};
		2A9B7B5A3A5D4E5A9C000090 /* Debug */ = {
			isa = XCBuildConfiguration;
			buildSettings = {
				ALWAYS_SEARCH_USER_PATHS = NO;
				BUNDLE_LOADER = "$(TEST_HOST)";
				CODE_SIGN_STYLE = Automatic;
				DEVELOPMENT_TEAM = KK5V95295A;
				ENABLE_TESTABILITY = YES;
				GENERATE_INFOPLIST_FILE = YES;
				INFOPLIST_KEY_CFBundleDisplayName = NostalgexTests;
				LD_RUNPATH_SEARCH_PATHS = (
					"$(inherited)",
					"@executable_path/Frameworks",
					"@loader_path/Frameworks",
				);
				PRODUCT_BUNDLE_IDENTIFIER = com.muellhaus.nostalgex.tests;
				PRODUCT_NAME = "$(TARGET_NAME)";
				SDKROOT = appletvos;
				SWIFT_VERSION = 5.0;
				TARGETED_DEVICE_FAMILY = 3;
				TEST_HOST = "$(BUILT_PRODUCTS_DIR)/Nostalgex.app/Nostalgex";
			};
			name = Debug;
		};
		2A9B7B5A3A5D4E5A9C000091 /* Release */ = {
			isa = XCBuildConfiguration;
			buildSettings = {
				ALWAYS_SEARCH_USER_PATHS = NO;
				BUNDLE_LOADER = "$(TEST_HOST)";
				CODE_SIGN_STYLE = Automatic;
				DEVELOPMENT_TEAM = KK5V95295A;
				GENERATE_INFOPLIST_FILE = YES;
				INFOPLIST_KEY_CFBundleDisplayName = NostalgexTests;
				LD_RUNPATH_SEARCH_PATHS = (
					"$(inherited)",
					"@executable_path/Frameworks",
					"@loader_path/Frameworks",
				);
				PRODUCT_BUNDLE_IDENTIFIER = com.muellhaus.nostalgex.tests;
				PRODUCT_NAME = "$(TARGET_NAME)";
				SDKROOT = appletvos;
				SWIFT_VERSION = 5.0;
				TARGETED_DEVICE_FAMILY = 3;
				TEST_HOST = "$(BUILT_PRODUCTS_DIR)/Nostalgex.app/Nostalgex";
			};
			name = Release;
		};
		2A9B7B5A3A5D4E5A9C000092 /* Debug */ = {
			isa = XCBuildConfiguration;
			buildSettings = {
				ALWAYS_SEARCH_USER_PATHS = NO;
				CODE_SIGN_STYLE = Automatic;
				DEVELOPMENT_TEAM = KK5V95295A;
				GENERATE_INFOPLIST_FILE = YES;
				INFOPLIST_KEY_CFBundleDisplayName = NostalgexUITests;
				PRODUCT_BUNDLE_IDENTIFIER = com.muellhaus.nostalgex.uitests;
				PRODUCT_NAME = "$(TARGET_NAME)";
				SDKROOT = appletvos;
				SWIFT_VERSION = 5.0;
				TARGETED_DEVICE_FAMILY = 3;
				TEST_TARGET_NAME = Nostalgex;
			};
			name = Debug;
		};
		2A9B7B5A3A5D4E5A9C000093 /* Release */ = {
			isa = XCBuildConfiguration;
			buildSettings = {
				ALWAYS_SEARCH_USER_PATHS = NO;
				CODE_SIGN_STYLE = Automatic;
				DEVELOPMENT_TEAM = KK5V95295A;
				GENERATE_INFOPLIST_FILE = YES;
				INFOPLIST_KEY_CFBundleDisplayName = NostalgexUITests;
				PRODUCT_BUNDLE_IDENTIFIER = com.muellhaus.nostalgex.uitests;
				PRODUCT_NAME = "$(TARGET_NAME)";
				SDKROOT = appletvos;
				SWIFT_VERSION = 5.0;
				TARGETED_DEVICE_FAMILY = 3;
				TEST_TARGET_NAME = Nostalgex;
			};
			name = Release;
		};
/* End XCBuildConfiguration section */

/* Begin XCConfigurationList section */
		1D4121EB304C40AE004CCB68 /* Build configuration list for PBXNativeTarget "TopShelf" */ = {
			isa = XCConfigurationList;
			buildConfigurations = (
				1D4121E9304C40AE004CCB68 /* Debug */,
				1D4121EA304C40AE004CCB68 /* Release */,
			);
			defaultConfigurationIsVisible = 0;
			defaultConfigurationName = Release;
		};
		1DCC8A892F6CB0B100B56423 /* Build configuration list for PBXProject "Nostalgex" */ = {
			isa = XCConfigurationList;
			buildConfigurations = (
				1DCC8A972F6CB0B200B56423 /* Debug */,
				1DCC8A982F6CB0B200B56423 /* Release */,
			);
			defaultConfigurationIsVisible = 0;
			defaultConfigurationName = Release;
		};
		1DCC8A992F6CB0B200B56423 /* Build configuration list for PBXNativeTarget "Nostalgex" */ = {
			isa = XCConfigurationList;
			buildConfigurations = (
				1DCC8A9A2F6CB0B200B56423 /* Debug */,
				1DCC8A9B2F6CB0B200B56423 /* Release */,
			);
			defaultConfigurationIsVisible = 0;
			defaultConfigurationName = Release;
		};
		2A9B7B5A3A5D4E5A9C000080 /* Build configuration list for PBXNativeTarget "NostalgexTests" */ = {
			isa = XCConfigurationList;
			buildConfigurations = (
				2A9B7B5A3A5D4E5A9C000090 /* Debug */,
				2A9B7B5A3A5D4E5A9C000091 /* Release */,
			);
			defaultConfigurationIsVisible = 0;
			defaultConfigurationName = Release;
		};
		2A9B7B5A3A5D4E5A9C000081 /* Build configuration list for PBXNativeTarget "NostalgexUITests" */ = {
			isa = XCConfigurationList;
			buildConfigurations = (
				2A9B7B5A3A5D4E5A9C000092 /* Debug */,
				2A9B7B5A3A5D4E5A9C000093 /* Release */,
			);
			defaultConfigurationIsVisible = 0;
			defaultConfigurationName = Release;
		};
/* End XCConfigurationList section */

/* Begin XCRemoteSwiftPackageReference section */
		NGXTD0012F6CB0B100B56423 /* XCRemoteSwiftPackageReference "SwiftSDK" */ = {
			isa = XCRemoteSwiftPackageReference;
			repositoryURL = "https://github.com/TelemetryDeck/SwiftSDK";
			requirement = {
				kind = upToNextMajorVersion;
				minimumVersion = 2.0.0;
			};
		};
/* End XCRemoteSwiftPackageReference section */

/* Begin XCSwiftPackageProductDependency section */
		NGXTD0022F6CB0B100B56423 /* TelemetryDeck */ = {
			isa = XCSwiftPackageProductDependency;
			package = NGXTD0012F6CB0B100B56423 /* XCRemoteSwiftPackageReference "SwiftSDK" */;
			productName = TelemetryDeck;
		};
/* End XCSwiftPackageProductDependency section */
	};
	rootObject = 1DCC8A862F6CB0B100B56423 /* Project object */;
}
